
Microsoft Visual Studio Solution File, Format Version 12.00
# Visual Studio Version 17
VisualStudioVersion = 17.1.32210.238
MinimumVisualStudioVersion = 10.0.40219.1
Project("{9A19103F-16F7-4668-BE54-9A1E7A4F7556}") = "Minibank.Web", "Minibank.Web\Minibank.Web.csproj", "{29BADD46-FEF2-4038-B159-BE036B9041F9}"
EndProject
Project("{FAE04EC0-301F-11D3-BF4B-00C04F79EFBC}") = "Minibank.Core", "Minibank.Core\Minibank.Core.csproj", "{ACCC75C4-418D-47BF-ABB0-8DDF7902D444}"
EndProject
Project("{FAE04EC0-301F-11D3-BF4B-00C04F79EFBC}") = "Minibank.Data", "Minibank.Data\Minibank.Data.csproj", "{C3FA02A4-C9A4-4DA9-AE33-0700CCB07DBF}"
EndProject
Project("{2150E333-8FDC-42A3-9474-1A3956D46DE8}") = "Tests", "Tests", "{D79C9630-4CCE-4BA2-8889-48F1B12D895F}"
EndProject
Project("{FAE04EC0-301F-11D3-BF4B-00C04F79EFBC}") = "Minibank.Core.Tests", "Tests\Minibank.Core.Tests\Minibank.Core.Tests.csproj", "{2C06BD40-E890-4C1B-94AA-C3FEB9808429}"
EndProject
Global
	GlobalSection(SolutionConfigurationPlatforms) = preSolution
		Debug|Any CPU = Debug|Any CPU
		Release|Any CPU = Release|Any CPU
	EndGlobalSection
	GlobalSection(ProjectConfigurationPlatforms) = postSolution
		{29BADD46-FEF2-4038-B159-BE036B9041F9}.Debug|Any CPU.ActiveCfg = Debug|Any CPU
		{29BADD46-FEF2-4038-B159-BE036B9041F9}.Debug|Any CPU.Build.0 = Debug|Any CPU
		{29BADD46-FEF2-4038-B159-BE036B9041F9}.Release|Any CPU.ActiveCfg = Release|Any CPU
		{29BADD46-FEF2-4038-B159-BE036B9041F9}.Release|Any CPU.Build.0 = Release|Any CPU
		{ACCC75C4-418D-47BF-ABB0-8DDF7902D444}.Debug|Any CPU.ActiveCfg = Debug|Any CPU
		{ACCC75C4-418D-47BF-ABB0-8DDF7902D444}.Debug|Any CPU.Build.0 = Debug|Any CPU
		{ACCC75C4-418D-47BF-ABB0-8DDF7902D444}.Release|Any CPU.ActiveCfg = Release|Any CPU
		{ACCC75C4-418D-47BF-ABB0-8DDF7902D444}.Release|Any CPU.Build.0 = Release|Any CPU
		{C3FA02A4-C9A4-4DA9-AE33-0700CCB07DBF}.Debug|Any CPU.ActiveCfg = Debug|Any CPU
		{C3FA02A4-C9A4-4DA9-AE33-0700CCB07DBF}.Debug|Any CPU.Build.0 = Debug|Any CPU
		{C3FA02A4-C9A4-4DA9-AE33-0700CCB07DBF}.Release|Any CPU.ActiveCfg = Release|Any CPU
		{C3FA02A4-C9A4-4DA9-AE33-0700CCB07DBF}.Release|Any CPU.Build.0 = Release|Any CPU
		{2C06BD40-E890-4C1B-94AA-C3FEB9808429}.Debug|Any CPU.ActiveCfg = Debug|Any CPU
		{2C06BD40-E890-4C1B-94AA-C3FEB9808429}.Debug|Any CPU.Build.0 = Debug|Any CPU
		{2C06BD40-E890-4C1B-94AA-C3FEB9808429}.Release|Any CPU.ActiveCfg = Release|Any CPU
		{2C06BD40-E890-4C1B-94AA-C3FEB9808429}.Release|Any CPU.Build.0 = Release|Any CPU
	EndGlobalSection
	GlobalSection(SolutionProperties) = preSolution
		HideSolutionNode = FALSE
	EndGlobalSection
	GlobalSection(ExtensibilityGlobals) = postSolution
		SolutionGuid = {7C71F606-8E25-4CC8-950B-90ED1F39F393}
	EndGlobalSection
	GlobalSection(NestedProjects) = preSolution
		{2C06BD40-E890-4C1B-94AA-C3FEB9808429} = {D79C9630-4CCE-4BA2-8889-48F1B12D895F}
	EndGlobalSection
EndGlobal
